
Microsoft Visual Studio Solution File, Format Version 12.00
# Visual Studio 15
VisualStudioVersion = 15.0.27130.2010
MinimumVisualStudioVersion = 10.0.40219.1
Project("{FAE04EC0-301F-11D3-BF4B-00C04F79EFBC}") = "MyAlienware", "MyAlienware\MyAlienware.csproj", "{255037B0-FEE0-4CAD-BA4B-D6A0209063CB}"
EndProject
Global
	GlobalSection(SolutionConfigurationPlatforms) = preSolution
		Debug|Any CPU = Debug|Any CPU
		Release|Any CPU = Release|Any CPU
	EndGlobalSection
	GlobalSection(ProjectConfigurationPlatforms) = postSolution
		{255037B0-FEE0-4CAD-BA4B-D6A0209063CB}.Debug|Any CPU.ActiveCfg = Debug|Any CPU
		{255037B0-FEE0-4CAD-BA4B-D6A0209063CB}.Debug|Any CPU.Build.0 = Debug|Any CPU
		{255037B0-FEE0-4CAD-BA4B-D6A0209063CB}.Release|Any CPU.ActiveCfg = Release|Any CPU
		{255037B0-FEE0-4CAD-BA4B-D6A0209063CB}.Release|Any CPU.Build.0 = Release|Any CPU
	EndGlobalSection
	GlobalSection(SolutionProperties) = preSolution
		HideSolutionNode = FALSE
	EndGlobalSection
	GlobalSection(ExtensibilityGlobals) = postSolution
		SolutionGuid = {3FDDE591-57A7-40CB-81B8-D17AF68C8930}
	EndGlobalSection
EndGlobal
